
Microsoft Visual Studio Solution File, Format Version 12.00
# Visual Studio Version 17
VisualStudioVersion = 17.9.34728.123
MinimumVisualStudioVersion = 10.0.40219.1
Project("{FAE04EC0-301F-11D3-BF4B-00C04F79EFBC}") = "ColourPeopleForms", "ColourPeopleForms\ColourPeopleForms.csproj", "{DC3459FE-D489-486C-B3E4-1EB4229E9635}"
EndProject
Global
	GlobalSection(SolutionConfigurationPlatforms) = preSolution
		Debug|Any CPU = Debug|Any CPU
		Release|Any CPU = Release|Any CPU
	EndGlobalSection
	GlobalSection(ProjectConfigurationPlatforms) = postSolution
		{DC3459FE-D489-486C-B3E4-1EB4229E9635}.Debug|Any CPU.ActiveCfg = Debug|Any CPU
		{DC3459FE-D489-486C-B3E4-1EB4229E9635}.Debug|Any CPU.Build.0 = Debug|Any CPU
		{DC3459FE-D489-486C-B3E4-1EB4229E9635}.Release|Any CPU.ActiveCfg = Release|Any CPU
		{DC3459FE-D489-486C-B3E4-1EB4229E9635}.Release|Any CPU.Build.0 = Release|Any CPU
	EndGlobalSection
	GlobalSection(SolutionProperties) = preSolution
		HideSolutionNode = FALSE
	EndGlobalSection
	GlobalSection(ExtensibilityGlobals) = postSolution
		SolutionGuid = {0FB73FC2-826D-4597-A410-74EAC07A7572}
	EndGlobalSection
EndGlobal
